{
  "version": 4,
  "terraform_version": "1.2.5",
  "serial": 14,
  "lineage": "778f805d-6a14-ebb4-9586-1dd864fdc4c6",
  "outputs": {
    "ipv4_address": {
      "value": [
        "67.205.141.90"
      ],
      "type": [
        "tuple",
        [
          "string"
        ]
      ]
    }
  },
  "resources": [
    {
      "mode": "managed",
      "type": "digitalocean_droplet",
      "name": "origin-agh",
      "provider": "provider[\"registry.terraform.io/digitalocean/digitalocean\"]",
      "instances": [
        {
          "index_key": 0,
          "schema_version": 1,
          "attributes": {
            "backups": false,
            "created_at": "2022-07-18T11:08:25Z",
            "disk": 10,
            "droplet_agent": null,
            "graceful_shutdown": false,
            "id": "308910415",
            "image": "ubuntu-20-04-x64",
            "ipv4_address": "67.205.141.90",
            "ipv4_address_private": "10.116.0.2",
            "ipv6": false,
            "ipv6_address": "",
            "locked": false,
            "memory": 512,
            "monitoring": false,
            "name": "origin-agh1",
            "price_hourly": 0.00595,
            "price_monthly": 4,
            "private_networking": true,
            "region": "nyc1",
            "resize_disk": true,
            "size": "s-1vcpu-512mb-10gb",
            "ssh_keys": [
              "c1:5c:58:42:ea:00:3d:2a:0b:5a:03:c8:ce:53:4e:62"
            ],
            "status": "active",
            "tags": null,
            "urn": "do:droplet:308910415",
            "user_data": null,
            "vcpus": 1,
            "volume_ids": [],
            "vpc_uuid": "160c96af-2ca8-4b05-ba85-331975fb5a61"
          },
          "sensitive_attributes": [],
          "private": "eyJzY2hlbWFfdmVyc2lvbiI6IjEifQ==",
          "dependencies": [
            "digitalocean_ssh_key.default"
          ]
        }
      ]
    },
    {
      "mode": "managed",
      "type": "digitalocean_ssh_key",
      "name": "default",
      "provider": "provider[\"registry.terraform.io/digitalocean/digitalocean\"]",
      "instances": [
        {
          "schema_version": 0,
          "attributes": {
            "fingerprint": "c1:5c:58:42:ea:00:3d:2a:0b:5a:03:c8:ce:53:4e:62",
            "id": "35542937",
            "name": "Amir Abbas Gholami",
            "public_key": "ssh-ed25519 AAAAC3NzaC1lZDI1NTE5AAAAICKQc8/bWpp6mK7DwJwbwER4jV407J8/JvGA1lo8IuuK for phinix\n"
          },
          "sensitive_attributes": [],
          "private": "bnVsbA=="
        }
      ]
    }
  ]
}
